
Microsoft Visual Studio Solution File, Format Version 12.00
# Visual Studio Version 16
VisualStudioVersion = 16.0.29306.81
MinimumVisualStudioVersion = 10.0.40219.1
Project("{FAE04EC0-301F-11D3-BF4B-00C04F79EFBC}") = "Library_System", "Library_System.csproj", "{8E90CE00-BA13-4BD6-8911-510C878C7685}"
EndProject
Global
	GlobalSection(SolutionConfigurationPlatforms) = preSolution
		Debug|Any CPU = Debug|Any CPU
		Release|Any CPU = Release|Any CPU
	EndGlobalSection
	GlobalSection(ProjectConfigurationPlatforms) = postSolution
		{8E90CE00-BA13-4BD6-8911-510C878C7685}.Debug|Any CPU.ActiveCfg = Debug|Any CPU
		{8E90CE00-BA13-4BD6-8911-510C878C7685}.Debug|Any CPU.Build.0 = Debug|Any CPU
		{8E90CE00-BA13-4BD6-8911-510C878C7685}.Release|Any CPU.ActiveCfg = Release|Any CPU
		{8E90CE00-BA13-4BD6-8911-510C878C7685}.Release|Any CPU.Build.0 = Release|Any CPU
	EndGlobalSection
	GlobalSection(SolutionProperties) = preSolution
		HideSolutionNode = FALSE
	EndGlobalSection
	GlobalSection(ExtensibilityGlobals) = postSolution
		SolutionGuid = {74E46CE5-DCE6-489D-A9B7-19C9276B3447}
	EndGlobalSection
EndGlobal
